
Microsoft Visual Studio Solution File, Format Version 12.00
# Visual Studio 15
VisualStudioVersion = 15.0.27428.2037
MinimumVisualStudioVersion = 10.0.40219.1
Project("{888888A0-9F3D-457C-B088-3A5042F75D52}") = "Invantos", "Invantos.pyproj", "{51716217-2C12-43F6-BA8D-245E8EF8B1EA}"
EndProject
Global
	GlobalSection(SolutionConfigurationPlatforms) = preSolution
		Debug|Any CPU = Debug|Any CPU
		Release|Any CPU = Release|Any CPU
	EndGlobalSection
	GlobalSection(ProjectConfigurationPlatforms) = postSolution
		{51716217-2C12-43F6-BA8D-245E8EF8B1EA}.Debug|Any CPU.ActiveCfg = Debug|Any CPU
		{51716217-2C12-43F6-BA8D-245E8EF8B1EA}.Debug|Any CPU.Build.0 = Debug|Any CPU
		{51716217-2C12-43F6-BA8D-245E8EF8B1EA}.Release|Any CPU.ActiveCfg = Release|Any CPU
		{51716217-2C12-43F6-BA8D-245E8EF8B1EA}.Release|Any CPU.Build.0 = Release|Any CPU
	EndGlobalSection
	GlobalSection(SolutionProperties) = preSolution
		HideSolutionNode = FALSE
	EndGlobalSection
	GlobalSection(ExtensibilityGlobals) = postSolution
		SolutionGuid = {691F2E70-9F29-48DB-8CA0-D85DC3952A5B}
	EndGlobalSection
EndGlobal
